{
  "projects": [
    {
      "projectId": "ohDidvG9XsCeFumugENU3J",
      "version": "6.20.0",
      "dependencies": {},
      "lang": "ts",
      "fileLocks": [
        {
          "assetId": "ohDidvG9XsCeFumugENU3J",
          "type": "projectCss",
          "checksum": "fd83b730367fdbde2c69bc6cf31c2a3c"
        },
        {
          "assetId": "ohDidvG9XsCeFumugENU3J",
          "checksum": "de0a0e65174a6a185a8f822af51c6bdd",
          "type": "globalContexts"
        }
      ],
      "codegenVersion": "0.0.1"
    },
    {
      "projectId": "XALmqdRmrSVWCYtKbDVCa",
      "version": "latest",
      "dependencies": {
        "ohDidvG9XsCeFumugENU3J": "6.20.0"
      },
      "lang": "ts",
      "fileLocks": [
        {
          "type": "globalVariant",
          "assetId": "vkzDu3CvV-Aa",
          "checksum": "de17ae92c6a4aeef6e56d3a7d8e4f4c8"
        },
        {
          "assetId": "XALmqdRmrSVWCYtKbDVCa",
          "checksum": "69896d7e1a821f06f52bb35dee79c030",
          "type": "globalContexts"
        },
        {
          "type": "renderModule",
          "assetId": "-3tf8TE4tFgZ",
          "checksum": "b7a48e4797d0efcb003fe8b0c285d709"
        },
        {
          "type": "cssRules",
          "assetId": "-3tf8TE4tFgZ",
          "checksum": "b7a48e4797d0efcb003fe8b0c285d709"
        },
        {
          "type": "renderModule",
          "assetId": "iU25kYdSKaWb",
          "checksum": "f088bf457123b28c64f08c02a877bc1d"
        },
        {
          "type": "cssRules",
          "assetId": "iU25kYdSKaWb",
          "checksum": "f088bf457123b28c64f08c02a877bc1d"
        },
        {
          "type": "icon",
          "assetId": "e1H2_AQWUr1L",
          "checksum": "cfe620ec60fabce8b15c30352458ad9d"
        },
        {
          "type": "icon",
          "assetId": "UygslQ8rrRat",
          "checksum": "9f8dd70f85985c858b98b5002ceb1741"
        },
        {
          "type": "renderModule",
          "assetId": "B3s19ZmPKdxD",
          "checksum": "46b249108a94f7ea4234eb77a37b4448"
        },
        {
          "type": "cssRules",
          "assetId": "B3s19ZmPKdxD",
          "checksum": "46b249108a94f7ea4234eb77a37b4448"
        },
        {
          "assetId": "XALmqdRmrSVWCYtKbDVCa",
          "type": "projectCss",
          "checksum": "6caa7ae608c7bcdaf8e2ff69e46583a7"
        },
        {
          "type": "renderModule",
          "assetId": "7yyk57E45CRP",
          "checksum": "1e5de015219854cb84bc9fa14f0586b5"
        },
        {
          "type": "cssRules",
          "assetId": "7yyk57E45CRP",
          "checksum": "1e5de015219854cb84bc9fa14f0586b5"
        },
        {
          "type": "renderModule",
          "assetId": "VEs1_XRysBDn",
          "checksum": "33c6e84292a76c3d9444e281a8ca3fd7"
        },
        {
          "type": "cssRules",
          "assetId": "VEs1_XRysBDn",
          "checksum": "33c6e84292a76c3d9444e281a8ca3fd7"
        },
        {
          "type": "renderModule",
          "assetId": "11brxWskHYs7",
          "checksum": "7c486658769f0231ff2aff66c222ab99"
        },
        {
          "type": "cssRules",
          "assetId": "11brxWskHYs7",
          "checksum": "7c486658769f0231ff2aff66c222ab99"
        }
      ],
      "codegenVersion": "0.0.1"
    }
  ],
  "cliVersion": "0.1.327"
}
